
Microsoft Visual Studio Solution File, Format Version 12.00
# Visual Studio 15
VisualStudioVersion = 15.0.26403.7
MinimumVisualStudioVersion = 10.0.40219.1
Project("{FAE04EC0-301F-11D3-BF4B-00C04F79EFBC}") = "CopyCVB", "CopyCVB\CopyCVB.csproj", "{86F18BF8-45F5-4666-BB93-F3354CAFDD62}"
EndProject
Project("{2150E333-8FDC-42A3-9474-1A3956D46DE8}") = "Solution Items", "Solution Items", "{F75B97F1-2531-4D00-867A-0EA6A8FDA9CC}"
	ProjectSection(SolutionItems) = preProject
		CopyCVB\Meradia_Db_Finalize.sql = CopyCVB\Meradia_Db_Finalize.sql
		CopyCVB\Meradia_Db_Initialize.sql = CopyCVB\Meradia_Db_Initialize.sql
		CopyCVB\Meradia_Db_Original.sql = CopyCVB\Meradia_Db_Original.sql
	EndProjectSection
EndProject
Global
	GlobalSection(SolutionConfigurationPlatforms) = preSolution
		Debug|Any CPU = Debug|Any CPU
		Release|Any CPU = Release|Any CPU
	EndGlobalSection
	GlobalSection(ProjectConfigurationPlatforms) = postSolution
		{86F18BF8-45F5-4666-BB93-F3354CAFDD62}.Debug|Any CPU.ActiveCfg = Debug|Any CPU
		{86F18BF8-45F5-4666-BB93-F3354CAFDD62}.Debug|Any CPU.Build.0 = Debug|Any CPU
		{86F18BF8-45F5-4666-BB93-F3354CAFDD62}.Release|Any CPU.ActiveCfg = Release|Any CPU
		{86F18BF8-45F5-4666-BB93-F3354CAFDD62}.Release|Any CPU.Build.0 = Release|Any CPU
	EndGlobalSection
	GlobalSection(SolutionProperties) = preSolution
		HideSolutionNode = FALSE
	EndGlobalSection
	GlobalSection(NestedProjects) = preSolution
		{86F18BF8-45F5-4666-BB93-F3354CAFDD62} = {F75B97F1-2531-4D00-867A-0EA6A8FDA9CC}
	EndGlobalSection
EndGlobal
